
Microsoft Visual Studio Solution File, Format Version 12.00
# Visual Studio Version 16
VisualStudioVersion = 16.0.31702.278
MinimumVisualStudioVersion = 10.0.40219.1
Project("{8BC9CEB8-8B4A-11D0-8D11-00A0C91BC942}") = "Term 3 Lab 3", "Term 3 Lab 3\Term 3 Lab 3.vcxproj", "{EEAC5B2B-9BC5-41A7-A3BC-9D6803A5C28F}"
EndProject
Global
	GlobalSection(SolutionConfigurationPlatforms) = preSolution
		Debug|x64 = Debug|x64
		Debug|x86 = Debug|x86
		Release|x64 = Release|x64
		Release|x86 = Release|x86
	EndGlobalSection
	GlobalSection(ProjectConfigurationPlatforms) = postSolution
		{EEAC5B2B-9BC5-41A7-A3BC-9D6803A5C28F}.Debug|x64.ActiveCfg = Debug|x64
		{EEAC5B2B-9BC5-41A7-A3BC-9D6803A5C28F}.Debug|x64.Build.0 = Debug|x64
		{EEAC5B2B-9BC5-41A7-A3BC-9D6803A5C28F}.Debug|x86.ActiveCfg = Debug|x64
		{EEAC5B2B-9BC5-41A7-A3BC-9D6803A5C28F}.Debug|x86.Build.0 = Debug|x64
		{EEAC5B2B-9BC5-41A7-A3BC-9D6803A5C28F}.Release|x64.ActiveCfg = Release|x64
		{EEAC5B2B-9BC5-41A7-A3BC-9D6803A5C28F}.Release|x64.Build.0 = Release|x64
		{EEAC5B2B-9BC5-41A7-A3BC-9D6803A5C28F}.Release|x86.ActiveCfg = Release|Win32
		{EEAC5B2B-9BC5-41A7-A3BC-9D6803A5C28F}.Release|x86.Build.0 = Release|Win32
	EndGlobalSection
	GlobalSection(SolutionProperties) = preSolution
		HideSolutionNode = FALSE
	EndGlobalSection
	GlobalSection(ExtensibilityGlobals) = postSolution
		SolutionGuid = {6DD65A9C-5ED0-46EC-8E50-03AE4D0DBB78}
	EndGlobalSection
EndGlobal
